
Microsoft Visual Studio Solution File, Format Version 12.00
# Visual Studio Version 17
VisualStudioVersion = 17.5.33424.131
MinimumVisualStudioVersion = 10.0.40219.1
Project("{FAE04EC0-301F-11D3-BF4B-00C04F79EFBC}") = "LocalChatServer", "LocalChatServer\LocalChatServer.csproj", "{149A87E4-7DFD-4C83-8C6A-E795CC4635FD}"
EndProject
Project("{FAE04EC0-301F-11D3-BF4B-00C04F79EFBC}") = "LocalChatClient", "LocalChatClient\LocalChatClient.csproj", "{E2317A41-0329-4F4A-80D7-E66897D3AAA4}"
	ProjectSection(ProjectDependencies) = postProject
		{149A87E4-7DFD-4C83-8C6A-E795CC4635FD} = {149A87E4-7DFD-4C83-8C6A-E795CC4635FD}
	EndProjectSection
EndProject
Global
	GlobalSection(SolutionConfigurationPlatforms) = preSolution
		Debug|Any CPU = Debug|Any CPU
		Release|Any CPU = Release|Any CPU
	EndGlobalSection
	GlobalSection(ProjectConfigurationPlatforms) = postSolution
		{149A87E4-7DFD-4C83-8C6A-E795CC4635FD}.Debug|Any CPU.ActiveCfg = Debug|Any CPU
		{149A87E4-7DFD-4C83-8C6A-E795CC4635FD}.Debug|Any CPU.Build.0 = Debug|Any CPU
		{149A87E4-7DFD-4C83-8C6A-E795CC4635FD}.Release|Any CPU.ActiveCfg = Release|Any CPU
		{149A87E4-7DFD-4C83-8C6A-E795CC4635FD}.Release|Any CPU.Build.0 = Release|Any CPU
		{E2317A41-0329-4F4A-80D7-E66897D3AAA4}.Debug|Any CPU.ActiveCfg = Debug|Any CPU
		{E2317A41-0329-4F4A-80D7-E66897D3AAA4}.Debug|Any CPU.Build.0 = Debug|Any CPU
		{E2317A41-0329-4F4A-80D7-E66897D3AAA4}.Release|Any CPU.ActiveCfg = Release|Any CPU
		{E2317A41-0329-4F4A-80D7-E66897D3AAA4}.Release|Any CPU.Build.0 = Release|Any CPU
	EndGlobalSection
	GlobalSection(SolutionProperties) = preSolution
		HideSolutionNode = FALSE
	EndGlobalSection
	GlobalSection(ExtensibilityGlobals) = postSolution
		SolutionGuid = {339EBB5C-FE88-48EC-B9C4-324669F86B3D}
	EndGlobalSection
EndGlobal
